
Microsoft Visual Studio Solution File, Format Version 12.00
# Visual Studio 15
VisualStudioVersion = 15.0.27703.2026
MinimumVisualStudioVersion = 10.0.40219.1
Project("{FAE04EC0-301F-11D3-BF4B-00C04F79EFBC}") = "PerfTesting", "PerfTesting\PerfTesting.csproj", "{B409879C-39DE-495F-81E7-6D89AF03ABC1}"
EndProject
Global
	GlobalSection(SolutionConfigurationPlatforms) = preSolution
		Debug|Any CPU = Debug|Any CPU
		Release|Any CPU = Release|Any CPU
	EndGlobalSection
	GlobalSection(ProjectConfigurationPlatforms) = postSolution
		{B409879C-39DE-495F-81E7-6D89AF03ABC1}.Debug|Any CPU.ActiveCfg = Debug|Any CPU
		{B409879C-39DE-495F-81E7-6D89AF03ABC1}.Debug|Any CPU.Build.0 = Debug|Any CPU
		{B409879C-39DE-495F-81E7-6D89AF03ABC1}.Release|Any CPU.ActiveCfg = Release|Any CPU
		{B409879C-39DE-495F-81E7-6D89AF03ABC1}.Release|Any CPU.Build.0 = Release|Any CPU
	EndGlobalSection
	GlobalSection(SolutionProperties) = preSolution
		HideSolutionNode = FALSE
	EndGlobalSection
	GlobalSection(ExtensibilityGlobals) = postSolution
		SolutionGuid = {5A1B41B5-FE91-49E1-B377-EEB292272EAE}
	EndGlobalSection
EndGlobal
